// !$*UTF8*$!
{
	archiveVersion = 1;
	classes = {
	};
	objectVersion = 50;
	objects = {

/* Begin PBXBuildFile section */
		9BDEDB472243C50C00B6C9AF /* AppDelegate.swift in Sources */ = {isa = PBXBuildFile; fileRef = 9BDEDB462243C50C00B6C9AF /* AppDelegate.swift */; };
		9BDEDB492243C50C00B6C9AF /* ViewController.swift in Sources */ = {isa = PBXBuildFile; fileRef = 9BDEDB482243C50C00B6C9AF /* ViewController.swift */; };
		9BDEDB4C2243C50C00B6C9AF /* Main.storyboard in Resources */ = {isa = PBXBuildFile; fileRef = 9BDEDB4A2243C50C00B6C9AF /* Main.storyboard */; };
		9BDEDB4E2243C50D00B6C9AF /* Assets.xcassets in Resources */ = {isa = PBXBuildFile; fileRef = 9BDEDB4D2243C50D00B6C9AF /* Assets.xcassets */; };
		9BDEDB512243C50D00B6C9AF /* LaunchScreen.storyboard in Resources */ = {isa = PBXBuildFile; fileRef = 9BDEDB4F2243C50D00B6C9AF /* LaunchScreen.storyboard */; };
/* End PBXBuildFile section */

/* Begin PBXFileReference section */
		9BDEDB432243C50B00B6C9AF /* ScrollingSmooth.app */ = {isa = PBXFileReference; explicitFileType = wrapper.application; includeInIndex = 0; path = ScrollingSmooth.app; sourceTree = BUILT_PRODUCTS_DIR; };
		9BDEDB462243C50C00B6C9AF /* AppDelegate.swift */ = {isa = PBXFileReference; lastKnownFileType = sourcecode.swift; path = AppDelegate.swift; sourceTree = "<group>"; };
		9BDEDB482243C50C00B6C9AF /* ViewController.swift */ = {isa = PBXFileReference; lastKnownFileType = sourcecode.swift; path = ViewController.swift; sourceTree = "<group>"; };
		9BDEDB4B2243C50C00B6C9AF /* Base */ = {isa = PBXFileReference; lastKnownFileType = file.storyboard; name = Base; path = Base.lproj/Main.storyboard; sourceTree = "<group>"; };
		9BDEDB4D2243C50D00B6C9AF /* Assets.xcassets */ = {isa = PBXFileReference; lastKnownFileType = folder.assetcatalog; path = Assets.xcassets; sourceTree = "<group>"; };
		9BDEDB502243C50D00B6C9AF /* Base */ = {isa = PBXFileReference; lastKnownFileType = file.storyboard; name = Base; path = Base.lproj/LaunchScreen.storyboard; sourceTree = "<group>"; };
		9BDEDB522243C50D00B6C9AF /* Info.plist */ = {isa = PBXFileReference; lastKnownFileType = text.plist.xml; path = Info.plist; sourceTree = "<group>"; };
/* End PBXFileReference section */

/* Begin PBXFrameworksBuildPhase section */
		9BDEDB402243C50B00B6C9AF /* Frameworks */ = {
			isa = PBXFrameworksBuildPhase;
			buildActionMask = 2147483647;
			files = (
			);
			runOnlyForDeploymentPostprocessing = 0;
		};
/* End PBXFrameworksBuildPhase section */

/* Begin PBXGroup section */
		9BDEDB3A2243C50B00B6C9AF = {
			isa = PBXGroup;
			children = (
				9BDEDB452243C50B00B6C9AF /* ScrollingSmooth */,
				9BDEDB442243C50B00B6C9AF /* Products */,
			);
			sourceTree = "<group>";
		};
		9BDEDB442243C50B00B6C9AF /* Products */ = {
			isa = PBXGroup;
			children = (
				9BDEDB432243C50B00B6C9AF /* ScrollingSmooth.app */,
			);
			name = Products;
			sourceTree = "<group>";
		};
		9BDEDB452243C50B00B6C9AF /* ScrollingSmooth */ = {
			isa = PBXGroup;
			children = (
				9BDEDB462243C50C00B6C9AF /* AppDelegate.swift */,
				9BDEDB482243C50C00B6C9AF /* ViewController.swift */,
				9BDEDB4A2243C50C00B6C9AF /* Main.storyboard */,
				9BDEDB4D2243C50D00B6C9AF /* Assets.xcassets */,
				9BDEDB4F2243C50D00B6C9AF /* LaunchScreen.storyboard */,
				9BDEDB522243C50D00B6C9AF /* Info.plist */,
			);
			path = ScrollingSmooth;
			sourceTree = "<group>";
		};
/* End PBXGroup section */

/* Begin PBXNativeTarget section */
		9BDEDB422243C50B00B6C9AF /* ScrollingSmooth */ = {
			isa = PBXNativeTarget;
			buildConfigurationList = 9BDEDB552243C50D00B6C9AF /* Build configuration list for PBXNativeTarget "ScrollingSmooth" */;
			buildPhases = (
				9BDEDB3F2243C50B00B6C9AF /* Sources */,
				9BDEDB402243C50B00B6C9AF /* Frameworks */,
				9BDEDB412243C50B00B6C9AF /* Resources */,
			);
			buildRules = (
			);
			dependencies = (
			);
			name = ScrollingSmooth;
			productName = ScrollingSmooth;
			productReference = 9BDEDB432243C50B00B6C9AF /* ScrollingSmooth.app */;
			productType = "com.apple.product-type.application";
		};
/* End PBXNativeTarget section */

/* Begin PBXProject section */
		9BDEDB3B2243C50B00B6C9AF /* Project object */ = {
			isa = PBXProject;
			attributes = {
				LastSwiftUpdateCheck = 1010;
				LastUpgradeCheck = 1010;
				ORGANIZATIONNAME = "Samuel Goodwin";
				TargetAttributes = {
					9BDEDB422243C50B00B6C9AF = {
						CreatedOnToolsVersion = 10.1;
					};
				};
			};
			buildConfigurationList = 9BDEDB3E2243C50B00B6C9AF /* Build configuration list for PBXProject "ScrollingSmooth" */;
			compatibilityVersion = "Xcode 9.3";
			developmentRegion = en;
			hasScannedForEncodings = 0;
			knownRegions = (
				en,
				Base,
			);
			mainGroup = 9BDEDB3A2243C50B00B6C9AF;
			productRefGroup = 9BDEDB442243C50B00B6C9AF /* Products */;
			projectDirPath = "";
			projectRoot = "";
			targets = (
				9BDEDB422243C50B00B6C9AF /* ScrollingSmooth */,
			);
		};
/* End PBXProject section */

/* Begin PBXResourcesBuildPhase section */
		9BDEDB412243C50B00B6C9AF /* Resources */ = {
			isa = PBXResourcesBuildPhase;
			buildActionMask = 2147483647;
			files = (
				9BDEDB512243C50D00B6C9AF /* LaunchScreen.storyboard in Resources */,
				9BDEDB4E2243C50D00B6C9AF /* Assets.xcassets in Resources */,
				9BDEDB4C2243C50C00B6C9AF /* Main.storyboard in Resources */,
			);
			runOnlyForDeploymentPostprocessing = 0;
		};
/* End PBXResourcesBuildPhase section */

/* Begin PBXSourcesBuildPhase section */
		9BDEDB3F2243C50B00B6C9AF /* Sources */ = {
			isa = PBXSourcesBuildPhase;
			buildActionMask = 2147483647;
			files = (
				9BDEDB492243C50C00B6C9AF /* ViewController.swift in Sources */,
				9BDEDB472243C50C00B6C9AF /* AppDelegate.swift in Sources */,
			);
			runOnlyForDeploymentPostprocessing = 0;
		};
/* End PBXSourcesBuildPhase section */

/* Begin PBXVariantGroup section */
		9BDEDB4A2243C50C00B6C9AF /* Main.storyboard */ = {
			isa = PBXVariantGroup;
			children = (
				9BDEDB4B2243C50C00B6C9AF /* Base */,
			);
			name = Main.storyboard;
			sourceTree = "<group>";
		};
		9BDEDB4F2243C50D00B6C9AF /* LaunchScreen.storyboard */ = {
			isa = PBXVariantGroup;
			children = (
				9BDEDB502243C50D00B6C9AF /* Base */,
			);
			name = LaunchScreen.storyboard;
			sourceTree = "<group>";
		};
/* End PBXVariantGroup section */

/* Begin XCBuildConfiguration section */
		9BDEDB532243C50D00B6C9AF /* Debug */ = {
			isa = XCBuildConfiguration;
			buildSettings = {
				ALWAYS_SEARCH_USER_PATHS = NO;
				CLANG_ANALYZER_NONNULL = YES;
				CLANG_ANALYZER_NUMBER_OBJECT_CONVERSION = YES_AGGRESSIVE;
				CLANG_CXX_LANGUAGE_STANDARD = "gnu++14";
				CLANG_CXX_LIBRARY = "libc++";
				CLANG_ENABLE_MODULES = YES;
				CLANG_ENABLE_OBJC_ARC = YES;
				CLANG_ENABLE_OBJC_WEAK = YES;
				CLANG_WARN_BLOCK_CAPTURE_AUTORELEASING = YES;
				CLANG_WARN_BOOL_CONVERSION = YES;
				CLANG_WARN_COMMA = YES;
				CLANG_WARN_CONSTANT_CONVERSION = YES;
				CLANG_WARN_DEPRECATED_OBJC_IMPLEMENTATIONS = YES;
				CLANG_WARN_DIRECT_OBJC_ISA_USAGE = YES_ERROR;
				CLANG_WARN_DOCUMENTATION_COMMENTS = YES;
				CLANG_WARN_EMPTY_BODY = YES;
				CLANG_WARN_ENUM_CONVERSION = YES;
				CLANG_WARN_INFINITE_RECURSION = YES;
				CLANG_WARN_INT_CONVERSION = YES;
				CLANG_WARN_NON_LITERAL_NULL_CONVERSION = YES;
				CLANG_WARN_OBJC_IMPLICIT_RETAIN_SELF = YES;
				CLANG_WARN_OBJC_LITERAL_CONVERSION = YES;
				CLANG_WARN_OBJC_ROOT_CLASS = YES_ERROR;
				CLANG_WARN_RANGE_LOOP_ANALYSIS = YES;
				CLANG_WARN_STRICT_PROTOTYPES = YES;
				CLANG_WARN_SUSPICIOUS_MOVE = YES;
				CLANG_WARN_UNGUARDED_AVAILABILITY = YES_AGGRESSIVE;
				CLANG_WARN_UNREACHABLE_CODE = YES;
				CLANG_WARN__DUPLICATE_METHOD_MATCH = YES;
				CODE_SIGN_IDENTITY = "iPhone Developer";
				COPY_PHASE_STRIP = NO;
				DEBUG_INFORMATION_FORMAT = dwarf;
				ENABLE_STRICT_OBJC_MSGSEND = YES;
				ENABLE_TESTABILITY = YES;
				GCC_C_LANGUAGE_STANDARD = gnu11;
				GCC_DYNAMIC_NO_PIC = NO;
				GCC_NO_COMMON_BLOCKS = YES;
				GCC_OPTIMIZATION_LEVEL = 0;
				GCC_PREPROCESSOR_DEFINITIONS = (
					"DEBUG=1",
					"$(inherited)",
				);
				GCC_WARN_64_TO_32_BIT_CONVERSION = YES;
				GCC_WARN_ABOUT_RETURN_TYPE = YES_ERROR;
				GCC_WARN_UNDECLARED_SELECTOR = YES;
				GCC_WARN_UNINITIALIZED_AUTOS = YES_AGGRESSIVE;
				GCC_WARN_UNUSED_FUNCTION = YES;
				GCC_WARN_UNUSED_VARIABLE = YES;
				IPHONEOS_DEPLOYMENT_TARGET = 12.1;
				MTL_ENABLE_DEBUG_INFO = INCLUDE_SOURCE;
				MTL_FAST_MATH = YES;
				ONLY_ACTIVE_ARCH = YES;
				SDKROOT = iphoneos;
				SWIFT_ACTIVE_COMPILATION_CONDITIONS = DEBUG;
				SWIFT_OPTIMIZATION_LEVEL = "-Onone";
			};
			name = Debug;
		};
		9BDEDB542243C50D00B6C9AF /* Release */ = {
			isa = XCBuildConfiguration;
			buildSettings = {
				ALWAYS_SEARCH_USER_PATHS = NO;
				CLANG_ANALYZER_NONNULL = YES;
				CLANG_ANALYZER_NUMBER_OBJECT_CONVERSION = YES_AGGRESSIVE;
				CLANG_CXX_LANGUAGE_STANDARD = "gnu++14";
				CLANG_CXX_LIBRARY = "libc++";
				CLANG_ENABLE_MODULES = YES;
				CLANG_ENABLE_OBJC_ARC = YES;
				CLANG_ENABLE_OBJC_WEAK = YES;
				CLANG_WARN_BLOCK_CAPTURE_AUTORELEASING = YES;
				CLANG_WARN_BOOL_CONVERSION = YES;
				CLANG_WARN_COMMA = YES;
				CLANG_WARN_CONSTANT_CONVERSION = YES;
				CLANG_WARN_DEPRECATED_OBJC_IMPLEMENTATIONS = YES;
				CLANG_WARN_DIRECT_OBJC_ISA_USAGE = YES_ERROR;
				CLANG_WARN_DOCUMENTATION_COMMENTS = YES;
				CLANG_WARN_EMPTY_BODY = YES;
				CLANG_WARN_ENUM_CONVERSION = YES;
				CLANG_WARN_INFINITE_RECURSION = YES;
				CLANG_WARN_INT_CONVERSION = YES;
				CLANG_WARN_NON_LITERAL_NULL_CONVERSION = YES;
				CLANG_WARN_OBJC_IMPLICIT_RETAIN_SELF = YES;
				CLANG_WARN_OBJC_LITERAL_CONVERSION = YES;
				CLANG_WARN_OBJC_ROOT_CLASS = YES_ERROR;
				CLANG_WARN_RANGE_LOOP_ANALYSIS = YES;
				CLANG_WARN_STRICT_PROTOTYPES = YES;
				CLANG_WARN_SUSPICIOUS_MOVE = YES;
				CLANG_WARN_UNGUARDED_AVAILABILITY = YES_AGGRESSIVE;
				CLANG_WARN_UNREACHABLE_CODE = YES;
				CLANG_WARN__DUPLICATE_METHOD_MATCH = YES;
				CODE_SIGN_IDENTITY = "iPhone Developer";
				COPY_PHASE_STRIP = NO;
				DEBUG_INFORMATION_FORMAT = "dwarf-with-dsym";
				ENABLE_NS_ASSERTIONS = NO;
				ENABLE_STRICT_OBJC_MSGSEND = YES;
				GCC_C_LANGUAGE_STANDARD = gnu11;
				GCC_NO_COMMON_BLOCKS = YES;
				GCC_WARN_64_TO_32_BIT_CONVERSION = YES;
				GCC_WARN_ABOUT_RETURN_TYPE = YES_ERROR;
				GCC_WARN_UNDECLARED_SELECTOR = YES;
				GCC_WARN_UNINITIALIZED_AUTOS = YES_AGGRESSIVE;
				GCC_WARN_UNUSED_FUNCTION = YES;
				GCC_WARN_UNUSED_VARIABLE = YES;
				IPHONEOS_DEPLOYMENT_TARGET = 12.1;
				MTL_ENABLE_DEBUG_INFO = NO;
				MTL_FAST_MATH = YES;
				SDKROOT = iphoneos;
				SWIFT_COMPILATION_MODE = wholemodule;
				SWIFT_OPTIMIZATION_LEVEL = "-O";
				VALIDATE_PRODUCT = YES;
			};
			name = Release;
		};
		9BDEDB562243C50D00B6C9AF /* Debug */ = {
			isa = XCBuildConfiguration;
			buildSettings = {
				ASSETCATALOG_COMPILER_APPICON_NAME = AppIcon;
				CODE_SIGN_STYLE = Automatic;
				DEVELOPMENT_TEAM = SYSB7DM9AH;
				INFOPLIST_FILE = ScrollingSmooth/Info.plist;
				LD_RUNPATH_SEARCH_PATHS = (
					"$(inherited)",
					"@executable_path/Frameworks",
				);
				PRODUCT_BUNDLE_IDENTIFIER = demo.demo.ScrollingSmooth;
				PRODUCT_NAME = "$(TARGET_NAME)";
				SWIFT_VERSION = 4.2;
				TARGETED_DEVICE_FAMILY = "1,2";
			};
			name = Debug;
		};
		9BDEDB572243C50D00B6C9AF /* Release */ = {
			isa = XCBuildConfiguration;
			buildSettings = {
				ASSETCATALOG_COMPILER_APPICON_NAME = AppIcon;
				CODE_SIGN_STYLE = Automatic;
				DEVELOPMENT_TEAM = SYSB7DM9AH;
				INFOPLIST_FILE = ScrollingSmooth/Info.plist;
				LD_RUNPATH_SEARCH_PATHS = (
					"$(inherited)",
					"@executable_path/Frameworks",
				);
				PRODUCT_BUNDLE_IDENTIFIER = demo.demo.ScrollingSmooth;
				PRODUCT_NAME = "$(TARGET_NAME)";
				SWIFT_VERSION = 4.2;
				TARGETED_DEVICE_FAMILY = "1,2";
			};
			name = Release;
		};
/* End XCBuildConfiguration section */

/* Begin XCConfigurationList section */
		9BDEDB3E2243C50B00B6C9AF /* Build configuration list for PBXProject "ScrollingSmooth" */ = {
			isa = XCConfigurationList;
			buildConfigurations = (
				9BDEDB532243C50D00B6C9AF /* Debug */,
				9BDEDB542243C50D00B6C9AF /* Release */,
			);
			defaultConfigurationIsVisible = 0;
			defaultConfigurationName = Release;
		};
		9BDEDB552243C50D00B6C9AF /* Build configuration list for PBXNativeTarget "ScrollingSmooth" */ = {
			isa = XCConfigurationList;
			buildConfigurations = (
				9BDEDB562243C50D00B6C9AF /* Debug */,
				9BDEDB572243C50D00B6C9AF /* Release */,
			);
			defaultConfigurationIsVisible = 0;
			defaultConfigurationName = Release;
		};
/* End XCConfigurationList section */
	};
	rootObject = 9BDEDB3B2243C50B00B6C9AF /* Project object */;
}
